// !$*UTF8*$!
{
	archiveVersion = 1;
	classes = {
	};
	objectVersion = 56;
	objects = {

/* Begin PBXBuildFile section */
		9B764D4129A0275C00BFFA6D /* AppDelegate.swift in Sources */ = {isa = PBXBuildFile; fileRef = 9B764D4029A0275C00BFFA6D /* AppDelegate.swift */; };
		9B764D4329A0275C00BFFA6D /* SceneDelegate.swift in Sources */ = {isa = PBXBuildFile; fileRef = 9B764D4229A0275C00BFFA6D /* SceneDelegate.swift */; };
		9B764D4529A0275C00BFFA6D /* ViewController.swift in Sources */ = {isa = PBXBuildFile; fileRef = 9B764D4429A0275C00BFFA6D /* ViewController.swift */; };
		9B764D4829A0275C00BFFA6D /* Main.storyboard in Resources */ = {isa = PBXBuildFile; fileRef = 9B764D4629A0275C00BFFA6D /* Main.storyboard */; };
		9B764D4A29A0275C00BFFA6D /* Assets.xcassets in Resources */ = {isa = PBXBuildFile; fileRef = 9B764D4929A0275C00BFFA6D /* Assets.xcassets */; };
		9B764D4D29A0275C00BFFA6D /* LaunchScreen.storyboard in Resources */ = {isa = PBXBuildFile; fileRef = 9B764D4B29A0275C00BFFA6D /* LaunchScreen.storyboard */; };
		9B764D5829A0275D00BFFA6D /* Assignment5Tests.swift in Sources */ = {isa = PBXBuildFile; fileRef = 9B764D5729A0275D00BFFA6D /* Assignment5Tests.swift */; };
		9B764D6229A0275D00BFFA6D /* Assignment5UITests.swift in Sources */ = {isa = PBXBuildFile; fileRef = 9B764D6129A0275D00BFFA6D /* Assignment5UITests.swift */; };
		9B764D6429A0275D00BFFA6D /* Assignment5UITestsLaunchTests.swift in Sources */ = {isa = PBXBuildFile; fileRef = 9B764D6329A0275D00BFFA6D /* Assignment5UITestsLaunchTests.swift */; };
		9B764D7629A0A0F500BFFA6D /* CurrencyViewViewController.swift in Sources */ = {isa = PBXBuildFile; fileRef = 9B764D7529A0A0F500BFFA6D /* CurrencyViewViewController.swift */; };
		9B764D7929A0B2AB00BFFA6D /* Currency.swift in Sources */ = {isa = PBXBuildFile; fileRef = 9B764D7829A0B2AB00BFFA6D /* Currency.swift */; };
		9B764D7B29A0B2E200BFFA6D /* ConverterLogic.swift in Sources */ = {isa = PBXBuildFile; fileRef = 9B764D7A29A0B2E200BFFA6D /* ConverterLogic.swift */; };
/* End PBXBuildFile section */

/* Begin PBXContainerItemProxy section */
		9B764D5429A0275D00BFFA6D /* PBXContainerItemProxy */ = {
			isa = PBXContainerItemProxy;
			containerPortal = 9B764D3529A0275C00BFFA6D /* Project object */;
			proxyType = 1;
			remoteGlobalIDString = 9B764D3C29A0275C00BFFA6D;
			remoteInfo = Assignment5;
		};
		9B764D5E29A0275D00BFFA6D /* PBXContainerItemProxy */ = {
			isa = PBXContainerItemProxy;
			containerPortal = 9B764D3529A0275C00BFFA6D /* Project object */;
			proxyType = 1;
			remoteGlobalIDString = 9B764D3C29A0275C00BFFA6D;
			remoteInfo = Assignment5;
		};
/* End PBXContainerItemProxy section */

/* Begin PBXFileReference section */
		9B764D3D29A0275C00BFFA6D /* Assignment5.app */ = {isa = PBXFileReference; explicitFileType = wrapper.application; includeInIndex = 0; path = Assignment5.app; sourceTree = BUILT_PRODUCTS_DIR; };
		9B764D4029A0275C00BFFA6D /* AppDelegate.swift */ = {isa = PBXFileReference; lastKnownFileType = sourcecode.swift; path = AppDelegate.swift; sourceTree = "<group>"; };
		9B764D4229A0275C00BFFA6D /* SceneDelegate.swift */ = {isa = PBXFileReference; lastKnownFileType = sourcecode.swift; path = SceneDelegate.swift; sourceTree = "<group>"; };
		9B764D4429A0275C00BFFA6D /* ViewController.swift */ = {isa = PBXFileReference; lastKnownFileType = sourcecode.swift; path = ViewController.swift; sourceTree = "<group>"; };
		9B764D4729A0275C00BFFA6D /* Base */ = {isa = PBXFileReference; lastKnownFileType = file.storyboard; name = Base; path = Base.lproj/Main.storyboard; sourceTree = "<group>"; };
		9B764D4929A0275C00BFFA6D /* Assets.xcassets */ = {isa = PBXFileReference; lastKnownFileType = folder.assetcatalog; path = Assets.xcassets; sourceTree = "<group>"; };
		9B764D4C29A0275C00BFFA6D /* Base */ = {isa = PBXFileReference; lastKnownFileType = file.storyboard; name = Base; path = Base.lproj/LaunchScreen.storyboard; sourceTree = "<group>"; };
		9B764D4E29A0275C00BFFA6D /* Info.plist */ = {isa = PBXFileReference; lastKnownFileType = text.plist.xml; path = Info.plist; sourceTree = "<group>"; };
		9B764D5329A0275D00BFFA6D /* Assignment5Tests.xctest */ = {isa = PBXFileReference; explicitFileType = wrapper.cfbundle; includeInIndex = 0; path = Assignment5Tests.xctest; sourceTree = BUILT_PRODUCTS_DIR; };
		9B764D5729A0275D00BFFA6D /* Assignment5Tests.swift */ = {isa = PBXFileReference; lastKnownFileType = sourcecode.swift; path = Assignment5Tests.swift; sourceTree = "<group>"; };
		9B764D5D29A0275D00BFFA6D /* Assignment5UITests.xctest */ = {isa = PBXFileReference; explicitFileType = wrapper.cfbundle; includeInIndex = 0; path = Assignment5UITests.xctest; sourceTree = BUILT_PRODUCTS_DIR; };
		9B764D6129A0275D00BFFA6D /* Assignment5UITests.swift */ = {isa = PBXFileReference; lastKnownFileType = sourcecode.swift; path = Assignment5UITests.swift; sourceTree = "<group>"; };
		9B764D6329A0275D00BFFA6D /* Assignment5UITestsLaunchTests.swift */ = {isa = PBXFileReference; lastKnownFileType = sourcecode.swift; path = Assignment5UITestsLaunchTests.swift; sourceTree = "<group>"; };
		9B764D7529A0A0F500BFFA6D /* CurrencyViewViewController.swift */ = {isa = PBXFileReference; lastKnownFileType = sourcecode.swift; name = CurrencyViewViewController.swift; path = ../../CurrencyViewViewController.swift; sourceTree = "<group>"; };
		9B764D7829A0B2AB00BFFA6D /* Currency.swift */ = {isa = PBXFileReference; lastKnownFileType = sourcecode.swift; path = Currency.swift; sourceTree = "<group>"; };
		9B764D7A29A0B2E200BFFA6D /* ConverterLogic.swift */ = {isa = PBXFileReference; lastKnownFileType = sourcecode.swift; path = ConverterLogic.swift; sourceTree = "<group>"; };
/* End PBXFileReference section */

/* Begin PBXFrameworksBuildPhase section */
		9B764D3A29A0275C00BFFA6D /* Frameworks */ = {
			isa = PBXFrameworksBuildPhase;
			buildActionMask = 2147483647;
			files = (
			);
			runOnlyForDeploymentPostprocessing = 0;
		};
		9B764D5029A0275D00BFFA6D /* Frameworks */ = {
			isa = PBXFrameworksBuildPhase;
			buildActionMask = 2147483647;
			files = (
			);
			runOnlyForDeploymentPostprocessing = 0;
		};
		9B764D5A29A0275D00BFFA6D /* Frameworks */ = {
			isa = PBXFrameworksBuildPhase;
			buildActionMask = 2147483647;
			files = (
			);
			runOnlyForDeploymentPostprocessing = 0;
		};
/* End PBXFrameworksBuildPhase section */

/* Begin PBXGroup section */
		9B764D3429A0275C00BFFA6D = {
			isa = PBXGroup;
			children = (
				9B764D3F29A0275C00BFFA6D /* Assignment5 */,
				9B764D5629A0275D00BFFA6D /* Assignment5Tests */,
				9B764D6029A0275D00BFFA6D /* Assignment5UITests */,
				9B764D3E29A0275C00BFFA6D /* Products */,
			);
			sourceTree = "<group>";
		};
		9B764D3E29A0275C00BFFA6D /* Products */ = {
			isa = PBXGroup;
			children = (
				9B764D3D29A0275C00BFFA6D /* Assignment5.app */,
				9B764D5329A0275D00BFFA6D /* Assignment5Tests.xctest */,
				9B764D5D29A0275D00BFFA6D /* Assignment5UITests.xctest */,
			);
			name = Products;
			sourceTree = "<group>";
		};
		9B764D3F29A0275C00BFFA6D /* Assignment5 */ = {
			isa = PBXGroup;
			children = (
				9B764D7729A0B29400BFFA6D /* Model */,
				9B764D7229A028D200BFFA6D /* View */,
				9B764D4029A0275C00BFFA6D /* AppDelegate.swift */,
				9B764D4229A0275C00BFFA6D /* SceneDelegate.swift */,
				9B764D4629A0275C00BFFA6D /* Main.storyboard */,
				9B764D4929A0275C00BFFA6D /* Assets.xcassets */,
				9B764D4B29A0275C00BFFA6D /* LaunchScreen.storyboard */,
				9B764D4E29A0275C00BFFA6D /* Info.plist */,
			);
			path = Assignment5;
			sourceTree = "<group>";
		};
		9B764D5629A0275D00BFFA6D /* Assignment5Tests */ = {
			isa = PBXGroup;
			children = (
				9B764D5729A0275D00BFFA6D /* Assignment5Tests.swift */,
			);
			path = Assignment5Tests;
			sourceTree = "<group>";
		};
		9B764D6029A0275D00BFFA6D /* Assignment5UITests */ = {
			isa = PBXGroup;
			children = (
				9B764D6129A0275D00BFFA6D /* Assignment5UITests.swift */,
				9B764D6329A0275D00BFFA6D /* Assignment5UITestsLaunchTests.swift */,
			);
			path = Assignment5UITests;
			sourceTree = "<group>";
		};
		9B764D7229A028D200BFFA6D /* View */ = {
			isa = PBXGroup;
			children = (
				9B764D4429A0275C00BFFA6D /* ViewController.swift */,
				9B764D7529A0A0F500BFFA6D /* CurrencyViewViewController.swift */,
			);
			path = View;
			sourceTree = "<group>";
		};
		9B764D7729A0B29400BFFA6D /* Model */ = {
			isa = PBXGroup;
			children = (
				9B764D7829A0B2AB00BFFA6D /* Currency.swift */,
				9B764D7A29A0B2E200BFFA6D /* ConverterLogic.swift */,
			);
			path = Model;
			sourceTree = "<group>";
		};
/* End PBXGroup section */

/* Begin PBXNativeTarget section */
		9B764D3C29A0275C00BFFA6D /* Assignment5 */ = {
			isa = PBXNativeTarget;
			buildConfigurationList = 9B764D6729A0275D00BFFA6D /* Build configuration list for PBXNativeTarget "Assignment5" */;
			buildPhases = (
				9B764D3929A0275C00BFFA6D /* Sources */,
				9B764D3A29A0275C00BFFA6D /* Frameworks */,
				9B764D3B29A0275C00BFFA6D /* Resources */,
			);
			buildRules = (
			);
			dependencies = (
			);
			name = Assignment5;
			productName = Assignment5;
			productReference = 9B764D3D29A0275C00BFFA6D /* Assignment5.app */;
			productType = "com.apple.product-type.application";
		};
		9B764D5229A0275D00BFFA6D /* Assignment5Tests */ = {
			isa = PBXNativeTarget;
			buildConfigurationList = 9B764D6A29A0275D00BFFA6D /* Build configuration list for PBXNativeTarget "Assignment5Tests" */;
			buildPhases = (
				9B764D4F29A0275D00BFFA6D /* Sources */,
				9B764D5029A0275D00BFFA6D /* Frameworks */,
				9B764D5129A0275D00BFFA6D /* Resources */,
			);
			buildRules = (
			);
			dependencies = (
				9B764D5529A0275D00BFFA6D /* PBXTargetDependency */,
			);
			name = Assignment5Tests;
			productName = Assignment5Tests;
			productReference = 9B764D5329A0275D00BFFA6D /* Assignment5Tests.xctest */;
			productType = "com.apple.product-type.bundle.unit-test";
		};
		9B764D5C29A0275D00BFFA6D /* Assignment5UITests */ = {
			isa = PBXNativeTarget;
			buildConfigurationList = 9B764D6D29A0275D00BFFA6D /* Build configuration list for PBXNativeTarget "Assignment5UITests" */;
			buildPhases = (
				9B764D5929A0275D00BFFA6D /* Sources */,
				9B764D5A29A0275D00BFFA6D /* Frameworks */,
				9B764D5B29A0275D00BFFA6D /* Resources */,
			);
			buildRules = (
			);
			dependencies = (
				9B764D5F29A0275D00BFFA6D /* PBXTargetDependency */,
			);
			name = Assignment5UITests;
			productName = Assignment5UITests;
			productReference = 9B764D5D29A0275D00BFFA6D /* Assignment5UITests.xctest */;
			productType = "com.apple.product-type.bundle.ui-testing";
		};
/* End PBXNativeTarget section */

/* Begin PBXProject section */
		9B764D3529A0275C00BFFA6D /* Project object */ = {
			isa = PBXProject;
			attributes = {
				BuildIndependentTargetsInParallel = 1;
				LastSwiftUpdateCheck = 1420;
				LastUpgradeCheck = 1420;
				TargetAttributes = {
					9B764D3C29A0275C00BFFA6D = {
						CreatedOnToolsVersion = 14.2;
					};
					9B764D5229A0275D00BFFA6D = {
						CreatedOnToolsVersion = 14.2;
						TestTargetID = 9B764D3C29A0275C00BFFA6D;
					};
					9B764D5C29A0275D00BFFA6D = {
						CreatedOnToolsVersion = 14.2;
						TestTargetID = 9B764D3C29A0275C00BFFA6D;
					};
				};
			};
			buildConfigurationList = 9B764D3829A0275C00BFFA6D /* Build configuration list for PBXProject "Assignment5" */;
			compatibilityVersion = "Xcode 14.0";
			developmentRegion = en;
			hasScannedForEncodings = 0;
			knownRegions = (
				en,
				Base,
			);
			mainGroup = 9B764D3429A0275C00BFFA6D;
			productRefGroup = 9B764D3E29A0275C00BFFA6D /* Products */;
			projectDirPath = "";
			projectRoot = "";
			targets = (
				9B764D3C29A0275C00BFFA6D /* Assignment5 */,
				9B764D5229A0275D00BFFA6D /* Assignment5Tests */,
				9B764D5C29A0275D00BFFA6D /* Assignment5UITests */,
			);
		};
/* End PBXProject section */

/* Begin PBXResourcesBuildPhase section */
		9B764D3B29A0275C00BFFA6D /* Resources */ = {
			isa = PBXResourcesBuildPhase;
			buildActionMask = 2147483647;
			files = (
				9B764D4D29A0275C00BFFA6D /* LaunchScreen.storyboard in Resources */,
				9B764D4A29A0275C00BFFA6D /* Assets.xcassets in Resources */,
				9B764D4829A0275C00BFFA6D /* Main.storyboard in Resources */,
			);
			runOnlyForDeploymentPostprocessing = 0;
		};
		9B764D5129A0275D00BFFA6D /* Resources */ = {
			isa = PBXResourcesBuildPhase;
			buildActionMask = 2147483647;
			files = (
			);
			runOnlyForDeploymentPostprocessing = 0;
		};
		9B764D5B29A0275D00BFFA6D /* Resources */ = {
			isa = PBXResourcesBuildPhase;
			buildActionMask = 2147483647;
			files = (
			);
			runOnlyForDeploymentPostprocessing = 0;
		};
/* End PBXResourcesBuildPhase section */

/* Begin PBXSourcesBuildPhase section */
		9B764D3929A0275C00BFFA6D /* Sources */ = {
			isa = PBXSourcesBuildPhase;
			buildActionMask = 2147483647;
			files = (
				9B764D7629A0A0F500BFFA6D /* CurrencyViewViewController.swift in Sources */,
				9B764D7929A0B2AB00BFFA6D /* Currency.swift in Sources */,
				9B764D4529A0275C00BFFA6D /* ViewController.swift in Sources */,
				9B764D4129A0275C00BFFA6D /* AppDelegate.swift in Sources */,
				9B764D4329A0275C00BFFA6D /* SceneDelegate.swift in Sources */,
				9B764D7B29A0B2E200BFFA6D /* ConverterLogic.swift in Sources */,
			);
			runOnlyForDeploymentPostprocessing = 0;
		};
		9B764D4F29A0275D00BFFA6D /* Sources */ = {
			isa = PBXSourcesBuildPhase;
			buildActionMask = 2147483647;
			files = (
				9B764D5829A0275D00BFFA6D /* Assignment5Tests.swift in Sources */,
			);
			runOnlyForDeploymentPostprocessing = 0;
		};
		9B764D5929A0275D00BFFA6D /* Sources */ = {
			isa = PBXSourcesBuildPhase;
			buildActionMask = 2147483647;
			files = (
				9B764D6229A0275D00BFFA6D /* Assignment5UITests.swift in Sources */,
				9B764D6429A0275D00BFFA6D /* Assignment5UITestsLaunchTests.swift in Sources */,
			);
			runOnlyForDeploymentPostprocessing = 0;
		};
/* End PBXSourcesBuildPhase section */

/* Begin PBXTargetDependency section */
		9B764D5529A0275D00BFFA6D /* PBXTargetDependency */ = {
			isa = PBXTargetDependency;
			target = 9B764D3C29A0275C00BFFA6D /* Assignment5 */;
			targetProxy = 9B764D5429A0275D00BFFA6D /* PBXContainerItemProxy */;
		};
		9B764D5F29A0275D00BFFA6D /* PBXTargetDependency */ = {
			isa = PBXTargetDependency;
			target = 9B764D3C29A0275C00BFFA6D /* Assignment5 */;
			targetProxy = 9B764D5E29A0275D00BFFA6D /* PBXContainerItemProxy */;
		};
/* End PBXTargetDependency section */

/* Begin PBXVariantGroup section */
		9B764D4629A0275C00BFFA6D /* Main.storyboard */ = {
			isa = PBXVariantGroup;
			children = (
				9B764D4729A0275C00BFFA6D /* Base */,
			);
			name = Main.storyboard;
			sourceTree = "<group>";
		};
		9B764D4B29A0275C00BFFA6D /* LaunchScreen.storyboard */ = {
			isa = PBXVariantGroup;
			children = (
				9B764D4C29A0275C00BFFA6D /* Base */,
			);
			name = LaunchScreen.storyboard;
			sourceTree = "<group>";
		};
/* End PBXVariantGroup section */

/* Begin XCBuildConfiguration section */
		9B764D6529A0275D00BFFA6D /* Debug */ = {
			isa = XCBuildConfiguration;
			buildSettings = {
				ALWAYS_SEARCH_USER_PATHS = NO;
				CLANG_ANALYZER_NONNULL = YES;
				CLANG_ANALYZER_NUMBER_OBJECT_CONVERSION = YES_AGGRESSIVE;
				CLANG_CXX_LANGUAGE_STANDARD = "gnu++20";
				CLANG_ENABLE_MODULES = YES;
				CLANG_ENABLE_OBJC_ARC = YES;
				CLANG_ENABLE_OBJC_WEAK = YES;
				CLANG_WARN_BLOCK_CAPTURE_AUTORELEASING = YES;
				CLANG_WARN_BOOL_CONVERSION = YES;
				CLANG_WARN_COMMA = YES;
				CLANG_WARN_CONSTANT_CONVERSION = YES;
				CLANG_WARN_DEPRECATED_OBJC_IMPLEMENTATIONS = YES;
				CLANG_WARN_DIRECT_OBJC_ISA_USAGE = YES_ERROR;
				CLANG_WARN_DOCUMENTATION_COMMENTS = YES;
				CLANG_WARN_EMPTY_BODY = YES;
				CLANG_WARN_ENUM_CONVERSION = YES;
				CLANG_WARN_INFINITE_RECURSION = YES;
				CLANG_WARN_INT_CONVERSION = YES;
				CLANG_WARN_NON_LITERAL_NULL_CONVERSION = YES;
				CLANG_WARN_OBJC_IMPLICIT_RETAIN_SELF = YES;
				CLANG_WARN_OBJC_LITERAL_CONVERSION = YES;
				CLANG_WARN_OBJC_ROOT_CLASS = YES_ERROR;
				CLANG_WARN_QUOTED_INCLUDE_IN_FRAMEWORK_HEADER = YES;
				CLANG_WARN_RANGE_LOOP_ANALYSIS = YES;
				CLANG_WARN_STRICT_PROTOTYPES = YES;
				CLANG_WARN_SUSPICIOUS_MOVE = YES;
				CLANG_WARN_UNGUARDED_AVAILABILITY = YES_AGGRESSIVE;
				CLANG_WARN_UNREACHABLE_CODE = YES;
				CLANG_WARN__DUPLICATE_METHOD_MATCH = YES;
				COPY_PHASE_STRIP = NO;
				DEBUG_INFORMATION_FORMAT = dwarf;
				ENABLE_STRICT_OBJC_MSGSEND = YES;
				ENABLE_TESTABILITY = YES;
				GCC_C_LANGUAGE_STANDARD = gnu11;
				GCC_DYNAMIC_NO_PIC = NO;
				GCC_NO_COMMON_BLOCKS = YES;
				GCC_OPTIMIZATION_LEVEL = 0;
				GCC_PREPROCESSOR_DEFINITIONS = (
					"DEBUG=1",
					"$(inherited)",
				);
				GCC_WARN_64_TO_32_BIT_CONVERSION = YES;
				GCC_WARN_ABOUT_RETURN_TYPE = YES_ERROR;
				GCC_WARN_UNDECLARED_SELECTOR = YES;
				GCC_WARN_UNINITIALIZED_AUTOS = YES_AGGRESSIVE;
				GCC_WARN_UNUSED_FUNCTION = YES;
				GCC_WARN_UNUSED_VARIABLE = YES;
				IPHONEOS_DEPLOYMENT_TARGET = 16.2;
				MTL_ENABLE_DEBUG_INFO = INCLUDE_SOURCE;
				MTL_FAST_MATH = YES;
				ONLY_ACTIVE_ARCH = YES;
				SDKROOT = iphoneos;
				SWIFT_ACTIVE_COMPILATION_CONDITIONS = DEBUG;
				SWIFT_OPTIMIZATION_LEVEL = "-Onone";
			};
			name = Debug;
		};
		9B764D6629A0275D00BFFA6D /* Release */ = {
			isa = XCBuildConfiguration;
			buildSettings = {
				ALWAYS_SEARCH_USER_PATHS = NO;
				CLANG_ANALYZER_NONNULL = YES;
				CLANG_ANALYZER_NUMBER_OBJECT_CONVERSION = YES_AGGRESSIVE;
				CLANG_CXX_LANGUAGE_STANDARD = "gnu++20";
				CLANG_ENABLE_MODULES = YES;
				CLANG_ENABLE_OBJC_ARC = YES;
				CLANG_ENABLE_OBJC_WEAK = YES;
				CLANG_WARN_BLOCK_CAPTURE_AUTORELEASING = YES;
				CLANG_WARN_BOOL_CONVERSION = YES;
				CLANG_WARN_COMMA = YES;
				CLANG_WARN_CONSTANT_CONVERSION = YES;
				CLANG_WARN_DEPRECATED_OBJC_IMPLEMENTATIONS = YES;
				CLANG_WARN_DIRECT_OBJC_ISA_USAGE = YES_ERROR;
				CLANG_WARN_DOCUMENTATION_COMMENTS = YES;
				CLANG_WARN_EMPTY_BODY = YES;
				CLANG_WARN_ENUM_CONVERSION = YES;
				CLANG_WARN_INFINITE_RECURSION = YES;
				CLANG_WARN_INT_CONVERSION = YES;
				CLANG_WARN_NON_LITERAL_NULL_CONVERSION = YES;
				CLANG_WARN_OBJC_IMPLICIT_RETAIN_SELF = YES;
				CLANG_WARN_OBJC_LITERAL_CONVERSION = YES;
				CLANG_WARN_OBJC_ROOT_CLASS = YES_ERROR;
				CLANG_WARN_QUOTED_INCLUDE_IN_FRAMEWORK_HEADER = YES;
				CLANG_WARN_RANGE_LOOP_ANALYSIS = YES;
				CLANG_WARN_STRICT_PROTOTYPES = YES;
				CLANG_WARN_SUSPICIOUS_MOVE = YES;
				CLANG_WARN_UNGUARDED_AVAILABILITY = YES_AGGRESSIVE;
				CLANG_WARN_UNREACHABLE_CODE = YES;
				CLANG_WARN__DUPLICATE_METHOD_MATCH = YES;
				COPY_PHASE_STRIP = NO;
				DEBUG_INFORMATION_FORMAT = "dwarf-with-dsym";
				ENABLE_NS_ASSERTIONS = NO;
				ENABLE_STRICT_OBJC_MSGSEND = YES;
				GCC_C_LANGUAGE_STANDARD = gnu11;
				GCC_NO_COMMON_BLOCKS = YES;
				GCC_WARN_64_TO_32_BIT_CONVERSION = YES;
				GCC_WARN_ABOUT_RETURN_TYPE = YES_ERROR;
				GCC_WARN_UNDECLARED_SELECTOR = YES;
				GCC_WARN_UNINITIALIZED_AUTOS = YES_AGGRESSIVE;
				GCC_WARN_UNUSED_FUNCTION = YES;
				GCC_WARN_UNUSED_VARIABLE = YES;
				IPHONEOS_DEPLOYMENT_TARGET = 16.2;
				MTL_ENABLE_DEBUG_INFO = NO;
				MTL_FAST_MATH = YES;
				SDKROOT = iphoneos;
				SWIFT_COMPILATION_MODE = wholemodule;
				SWIFT_OPTIMIZATION_LEVEL = "-O";
				VALIDATE_PRODUCT = YES;
			};
			name = Release;
		};
		9B764D6829A0275D00BFFA6D /* Debug */ = {
			isa = XCBuildConfiguration;
			buildSettings = {
				ASSETCATALOG_COMPILER_APPICON_NAME = AppIcon;
				ASSETCATALOG_COMPILER_GLOBAL_ACCENT_COLOR_NAME = AccentColor;
				CODE_SIGN_STYLE = Automatic;
				CURRENT_PROJECT_VERSION = 1;
				GENERATE_INFOPLIST_FILE = YES;
				INFOPLIST_FILE = Assignment5/Info.plist;
				INFOPLIST_KEY_UIApplicationSupportsIndirectInputEvents = YES;
				INFOPLIST_KEY_UILaunchStoryboardName = LaunchScreen;
				INFOPLIST_KEY_UIMainStoryboardFile = Main;
				INFOPLIST_KEY_UISupportedInterfaceOrientations_iPad = "UIInterfaceOrientationPortrait UIInterfaceOrientationPortraitUpsideDown UIInterfaceOrientationLandscapeLeft UIInterfaceOrientationLandscapeRight";
				INFOPLIST_KEY_UISupportedInterfaceOrientations_iPhone = "UIInterfaceOrientationPortrait UIInterfaceOrientationLandscapeLeft UIInterfaceOrientationLandscapeRight";
				LD_RUNPATH_SEARCH_PATHS = (
					"$(inherited)",
					"@executable_path/Frameworks",
				);
				MARKETING_VERSION = 1.0;
				PRODUCT_BUNDLE_IDENTIFIER = AUCS.Assignment5;
				PRODUCT_NAME = "$(TARGET_NAME)";
				SWIFT_EMIT_LOC_STRINGS = YES;
				SWIFT_VERSION = 5.0;
				TARGETED_DEVICE_FAMILY = "1,2";
			};
			name = Debug;
		};
		9B764D6929A0275D00BFFA6D /* Release */ = {
			isa = XCBuildConfiguration;
			buildSettings = {
				ASSETCATALOG_COMPILER_APPICON_NAME = AppIcon;
				ASSETCATALOG_COMPILER_GLOBAL_ACCENT_COLOR_NAME = AccentColor;
				CODE_SIGN_STYLE = Automatic;
				CURRENT_PROJECT_VERSION = 1;
				GENERATE_INFOPLIST_FILE = YES;
				INFOPLIST_FILE = Assignment5/Info.plist;
				INFOPLIST_KEY_UIApplicationSupportsIndirectInputEvents = YES;
				INFOPLIST_KEY_UILaunchStoryboardName = LaunchScreen;
				INFOPLIST_KEY_UIMainStoryboardFile = Main;
				INFOPLIST_KEY_UISupportedInterfaceOrientations_iPad = "UIInterfaceOrientationPortrait UIInterfaceOrientationPortraitUpsideDown UIInterfaceOrientationLandscapeLeft UIInterfaceOrientationLandscapeRight";
				INFOPLIST_KEY_UISupportedInterfaceOrientations_iPhone = "UIInterfaceOrientationPortrait UIInterfaceOrientationLandscapeLeft UIInterfaceOrientationLandscapeRight";
				LD_RUNPATH_SEARCH_PATHS = (
					"$(inherited)",
					"@executable_path/Frameworks",
				);
				MARKETING_VERSION = 1.0;
				PRODUCT_BUNDLE_IDENTIFIER = AUCS.Assignment5;
				PRODUCT_NAME = "$(TARGET_NAME)";
				SWIFT_EMIT_LOC_STRINGS = YES;
				SWIFT_VERSION = 5.0;
				TARGETED_DEVICE_FAMILY = "1,2";
			};
			name = Release;
		};
		9B764D6B29A0275D00BFFA6D /* Debug */ = {
			isa = XCBuildConfiguration;
			buildSettings = {
				ALWAYS_EMBED_SWIFT_STANDARD_LIBRARIES = YES;
				BUNDLE_LOADER = "$(TEST_HOST)";
				CODE_SIGN_STYLE = Automatic;
				CURRENT_PROJECT_VERSION = 1;
				GENERATE_INFOPLIST_FILE = YES;
				IPHONEOS_DEPLOYMENT_TARGET = 16.2;
				MARKETING_VERSION = 1.0;
				PRODUCT_BUNDLE_IDENTIFIER = AUCS.Assignment5Tests;
				PRODUCT_NAME = "$(TARGET_NAME)";
				SWIFT_EMIT_LOC_STRINGS = NO;
				SWIFT_VERSION = 5.0;
				TARGETED_DEVICE_FAMILY = "1,2";
				TEST_HOST = "$(BUILT_PRODUCTS_DIR)/Assignment5.app/$(BUNDLE_EXECUTABLE_FOLDER_PATH)/Assignment5";
			};
			name = Debug;
		};
		9B764D6C29A0275D00BFFA6D /* Release */ = {
			isa = XCBuildConfiguration;
			buildSettings = {
				ALWAYS_EMBED_SWIFT_STANDARD_LIBRARIES = YES;
				BUNDLE_LOADER = "$(TEST_HOST)";
				CODE_SIGN_STYLE = Automatic;
				CURRENT_PROJECT_VERSION = 1;
				GENERATE_INFOPLIST_FILE = YES;
				IPHONEOS_DEPLOYMENT_TARGET = 16.2;
				MARKETING_VERSION = 1.0;
				PRODUCT_BUNDLE_IDENTIFIER = AUCS.Assignment5Tests;
				PRODUCT_NAME = "$(TARGET_NAME)";
				SWIFT_EMIT_LOC_STRINGS = NO;
				SWIFT_VERSION = 5.0;
				TARGETED_DEVICE_FAMILY = "1,2";
				TEST_HOST = "$(BUILT_PRODUCTS_DIR)/Assignment5.app/$(BUNDLE_EXECUTABLE_FOLDER_PATH)/Assignment5";
			};
			name = Release;
		};
		9B764D6E29A0275D00BFFA6D /* Debug */ = {
			isa = XCBuildConfiguration;
			buildSettings = {
				ALWAYS_EMBED_SWIFT_STANDARD_LIBRARIES = YES;
				CODE_SIGN_STYLE = Automatic;
				CURRENT_PROJECT_VERSION = 1;
				GENERATE_INFOPLIST_FILE = YES;
				MARKETING_VERSION = 1.0;
				PRODUCT_BUNDLE_IDENTIFIER = AUCS.Assignment5UITests;
				PRODUCT_NAME = "$(TARGET_NAME)";
				SWIFT_EMIT_LOC_STRINGS = NO;
				SWIFT_VERSION = 5.0;
				TARGETED_DEVICE_FAMILY = "1,2";
				TEST_TARGET_NAME = Assignment5;
			};
			name = Debug;
		};
		9B764D6F29A0275D00BFFA6D /* Release */ = {
			isa = XCBuildConfiguration;
			buildSettings = {
				ALWAYS_EMBED_SWIFT_STANDARD_LIBRARIES = YES;
				CODE_SIGN_STYLE = Automatic;
				CURRENT_PROJECT_VERSION = 1;
				GENERATE_INFOPLIST_FILE = YES;
				MARKETING_VERSION = 1.0;
				PRODUCT_BUNDLE_IDENTIFIER = AUCS.Assignment5UITests;
				PRODUCT_NAME = "$(TARGET_NAME)";
				SWIFT_EMIT_LOC_STRINGS = NO;
				SWIFT_VERSION = 5.0;
				TARGETED_DEVICE_FAMILY = "1,2";
				TEST_TARGET_NAME = Assignment5;
			};
			name = Release;
		};
/* End XCBuildConfiguration section */

/* Begin XCConfigurationList section */
		9B764D3829A0275C00BFFA6D /* Build configuration list for PBXProject "Assignment5" */ = {
			isa = XCConfigurationList;
			buildConfigurations = (
				9B764D6529A0275D00BFFA6D /* Debug */,
				9B764D6629A0275D00BFFA6D /* Release */,
			);
			defaultConfigurationIsVisible = 0;
			defaultConfigurationName = Release;
		};
		9B764D6729A0275D00BFFA6D /* Build configuration list for PBXNativeTarget "Assignment5" */ = {
			isa = XCConfigurationList;
			buildConfigurations = (
				9B764D6829A0275D00BFFA6D /* Debug */,
				9B764D6929A0275D00BFFA6D /* Release */,
			);
			defaultConfigurationIsVisible = 0;
			defaultConfigurationName = Release;
		};
		9B764D6A29A0275D00BFFA6D /* Build configuration list for PBXNativeTarget "Assignment5Tests" */ = {
			isa = XCConfigurationList;
			buildConfigurations = (
				9B764D6B29A0275D00BFFA6D /* Debug */,
				9B764D6C29A0275D00BFFA6D /* Release */,
			);
			defaultConfigurationIsVisible = 0;
			defaultConfigurationName = Release;
		};
		9B764D6D29A0275D00BFFA6D /* Build configuration list for PBXNativeTarget "Assignment5UITests" */ = {
			isa = XCConfigurationList;
			buildConfigurations = (
				9B764D6E29A0275D00BFFA6D /* Debug */,
				9B764D6F29A0275D00BFFA6D /* Release */,
			);
			defaultConfigurationIsVisible = 0;
			defaultConfigurationName = Release;
		};
/* End XCConfigurationList section */
	};
	rootObject = 9B764D3529A0275C00BFFA6D /* Project object */;
}
